
Microsoft Visual Studio Solution File, Format Version 12.00
# Visual Studio 15
VisualStudioVersion = 15.0.28010.2026
MinimumVisualStudioVersion = 10.0.40219.1
Project("{8BC9CEB8-8B4A-11D0-8D11-00A0C91BC942}") = "ConsoleApplication15", "ConsoleApplication15\ConsoleApplication15.vcxproj", "{96342473-ECB5-4493-804E-C0D4ABF358A1}"
EndProject
Global
	GlobalSection(SolutionConfigurationPlatforms) = preSolution
		Debug|x64 = Debug|x64
		Debug|x86 = Debug|x86
		Release|x64 = Release|x64
		Release|x86 = Release|x86
	EndGlobalSection
	GlobalSection(ProjectConfigurationPlatforms) = postSolution
		{96342473-ECB5-4493-804E-C0D4ABF358A1}.Debug|x64.ActiveCfg = Debug|x64
		{96342473-ECB5-4493-804E-C0D4ABF358A1}.Debug|x64.Build.0 = Debug|x64
		{96342473-ECB5-4493-804E-C0D4ABF358A1}.Debug|x86.ActiveCfg = Debug|Win32
		{96342473-ECB5-4493-804E-C0D4ABF358A1}.Debug|x86.Build.0 = Debug|Win32
		{96342473-ECB5-4493-804E-C0D4ABF358A1}.Release|x64.ActiveCfg = Release|x64
		{96342473-ECB5-4493-804E-C0D4ABF358A1}.Release|x64.Build.0 = Release|x64
		{96342473-ECB5-4493-804E-C0D4ABF358A1}.Release|x86.ActiveCfg = Release|Win32
		{96342473-ECB5-4493-804E-C0D4ABF358A1}.Release|x86.Build.0 = Release|Win32
	EndGlobalSection
	GlobalSection(SolutionProperties) = preSolution
		HideSolutionNode = FALSE
	EndGlobalSection
	GlobalSection(ExtensibilityGlobals) = postSolution
		SolutionGuid = {D1F674C5-EE6C-4275-BD6D-2A20239FBAE5}
	EndGlobalSection
EndGlobal
