
Microsoft Visual Studio Solution File, Format Version 12.00
# Visual Studio 15
VisualStudioVersion = 15.0.28010.2026
MinimumVisualStudioVersion = 10.0.40219.1
Project("{8BC9CEB8-8B4A-11D0-8D11-00A0C91BC942}") = "petlje_zad5", "petlje_zad5\petlje_zad5.vcxproj", "{684B9B65-36B7-4958-8A43-10FC4C87336C}"
EndProject
Global
	GlobalSection(SolutionConfigurationPlatforms) = preSolution
		Debug|x64 = Debug|x64
		Debug|x86 = Debug|x86
		Release|x64 = Release|x64
		Release|x86 = Release|x86
	EndGlobalSection
	GlobalSection(ProjectConfigurationPlatforms) = postSolution
		{684B9B65-36B7-4958-8A43-10FC4C87336C}.Debug|x64.ActiveCfg = Debug|x64
		{684B9B65-36B7-4958-8A43-10FC4C87336C}.Debug|x64.Build.0 = Debug|x64
		{684B9B65-36B7-4958-8A43-10FC4C87336C}.Debug|x86.ActiveCfg = Debug|Win32
		{684B9B65-36B7-4958-8A43-10FC4C87336C}.Debug|x86.Build.0 = Debug|Win32
		{684B9B65-36B7-4958-8A43-10FC4C87336C}.Release|x64.ActiveCfg = Release|x64
		{684B9B65-36B7-4958-8A43-10FC4C87336C}.Release|x64.Build.0 = Release|x64
		{684B9B65-36B7-4958-8A43-10FC4C87336C}.Release|x86.ActiveCfg = Release|Win32
		{684B9B65-36B7-4958-8A43-10FC4C87336C}.Release|x86.Build.0 = Release|Win32
	EndGlobalSection
	GlobalSection(SolutionProperties) = preSolution
		HideSolutionNode = FALSE
	EndGlobalSection
	GlobalSection(ExtensibilityGlobals) = postSolution
		SolutionGuid = {7309B3E3-6984-45B3-8D2E-CF6A86260153}
	EndGlobalSection
EndGlobal
